
Microsoft Visual Studio Solution File, Format Version 12.00
# Visual Studio Version 16
VisualStudioVersion = 16.0.30517.126
MinimumVisualStudioVersion = 10.0.40219.1
Project("{FAE04EC0-301F-11D3-BF4B-00C04F79EFBC}") = "Zootype", "Zootype\Zootype.csproj", "{C1D875E3-267C-40C4-A232-40025AAABA63}"
EndProject
Global
	GlobalSection(SolutionConfigurationPlatforms) = preSolution
		Debug|Any CPU = Debug|Any CPU
		Release|Any CPU = Release|Any CPU
	EndGlobalSection
	GlobalSection(ProjectConfigurationPlatforms) = postSolution
		{C1D875E3-267C-40C4-A232-40025AAABA63}.Debug|Any CPU.ActiveCfg = Debug|Any CPU
		{C1D875E3-267C-40C4-A232-40025AAABA63}.Debug|Any CPU.Build.0 = Debug|Any CPU
		{C1D875E3-267C-40C4-A232-40025AAABA63}.Release|Any CPU.ActiveCfg = Release|Any CPU
		{C1D875E3-267C-40C4-A232-40025AAABA63}.Release|Any CPU.Build.0 = Release|Any CPU
	EndGlobalSection
	GlobalSection(SolutionProperties) = preSolution
		HideSolutionNode = FALSE
	EndGlobalSection
	GlobalSection(ExtensibilityGlobals) = postSolution
		SolutionGuid = {CEEA8296-B4F8-4005-956C-3ED5AE497F62}
	EndGlobalSection
EndGlobal
